
Microsoft Visual Studio Solution File, Format Version 12.00
# Visual Studio Version 17
VisualStudioVersion = 17.11.35222.181
MinimumVisualStudioVersion = 10.0.40219.1
Project("{FAE04EC0-301F-11D3-BF4B-00C04F79EFBC}") = "hotel", "hotel.csproj", "{E256E078-B3DC-41EB-B5D4-47A3EB2B8C99}"
EndProject
Global
	GlobalSection(SolutionConfigurationPlatforms) = preSolution
		Debug|Any CPU = Debug|Any CPU
		Release|Any CPU = Release|Any CPU
	EndGlobalSection
	GlobalSection(ProjectConfigurationPlatforms) = postSolution
		{E256E078-B3DC-41EB-B5D4-47A3EB2B8C99}.Debug|Any CPU.ActiveCfg = Debug|Any CPU
		{E256E078-B3DC-41EB-B5D4-47A3EB2B8C99}.Debug|Any CPU.Build.0 = Debug|Any CPU
		{E256E078-B3DC-41EB-B5D4-47A3EB2B8C99}.Release|Any CPU.ActiveCfg = Release|Any CPU
		{E256E078-B3DC-41EB-B5D4-47A3EB2B8C99}.Release|Any CPU.Build.0 = Release|Any CPU
	EndGlobalSection
	GlobalSection(SolutionProperties) = preSolution
		HideSolutionNode = FALSE
	EndGlobalSection
	GlobalSection(ExtensibilityGlobals) = postSolution
		SolutionGuid = {2F16D876-D682-4D1D-BDA9-18F52F08CB9A}
	EndGlobalSection
EndGlobal
